
Microsoft Visual Studio Solution File, Format Version 9.00
# Visual Studio 2005
Project("{8BC9CEB8-8B4A-11D0-8D11-00A0C91BC942}") = "mda Ambience", "mda Ambience.vcproj", "{FB4E8CEE-4576-401C-A97E-E353C44B6032}"
EndProject
Project("{8BC9CEB8-8B4A-11D0-8D11-00A0C91BC942}") = "mda Bandisto", "mda Bandisto.vcproj", "{95FC53A4-AAC1-44FE-8F89-940AEB157DE1}"
EndProject
Project("{8BC9CEB8-8B4A-11D0-8D11-00A0C91BC942}") = "mda BeatBox", "mda BeatBox.vcproj", "{32A35CE0-456D-48BF-9FF6-EA0DA09ADE7E}"
EndProject
Project("{8BC9CEB8-8B4A-11D0-8D11-00A0C91BC942}") = "mda Combo", "mda Combo.vcproj", "{E36A56F0-BE42-470F-8769-E1553F6B6B39}"
EndProject
Project("{8BC9CEB8-8B4A-11D0-8D11-00A0C91BC942}") = "mda DX10", "mda DX10.vcproj", "{8A2B47A5-692A-49C4-A6F2-5B5AB2FA63A0}"
EndProject
Project("{8BC9CEB8-8B4A-11D0-8D11-00A0C91BC942}") = "mda DeEss", "mda DeEss.vcproj", "{318EEA04-FCDB-4C87-A083-1650D6968FF3}"
EndProject
Project("{8BC9CEB8-8B4A-11D0-8D11-00A0C91BC942}") = "mda Degrade", "mda Degrade.vcproj", "{3F2FE336-1EC7-4A5D-8A70-0E2F9FA482F3}"
EndProject
Project("{8BC9CEB8-8B4A-11D0-8D11-00A0C91BC942}") = "mda Delay", "mda Delay.vcproj", "{A56D5788-2B5F-44CE-BE31-AA121854880D}"
EndProject
Project("{8BC9CEB8-8B4A-11D0-8D11-00A0C91BC942}") = "mda Detune", "mda Detune.vcproj", "{EAD7038D-4BF5-4B1D-BAA6-DD326DBE50D3}"
EndProject
Project("{8BC9CEB8-8B4A-11D0-8D11-00A0C91BC942}") = "mda Dither", "mda Dither.vcproj", "{FE5E0B29-E8D0-4C7B-B125-918E22760213}"
EndProject
Project("{8BC9CEB8-8B4A-11D0-8D11-00A0C91BC942}") = "mda DubDelay", "mda DubDelay.vcproj", "{8C13A5F2-A61E-4996-9571-74C71CF8E514}"
EndProject
Project("{8BC9CEB8-8B4A-11D0-8D11-00A0C91BC942}") = "mda Dynamics", "mda Dynamics.vcproj", "{4B6F8B6A-5CAC-4C82-86D7-CECB46123596}"
EndProject
Project("{8BC9CEB8-8B4A-11D0-8D11-00A0C91BC942}") = "mda Image", "mda Image.vcproj", "{6B616B46-4D10-46A1-B36D-1B9A27EFFC8D}"
EndProject
Project("{8BC9CEB8-8B4A-11D0-8D11-00A0C91BC942}") = "mda Leslie", "mda Leslie.vcproj", "{520AC083-0E34-44D2-9DAE-058312A4E097}"
EndProject
Project("{8BC9CEB8-8B4A-11D0-8D11-00A0C91BC942}") = "mda Limiter", "mda Limiter.vcproj", "{0A1666DD-B1D1-4031-8EFA-D86461FA5D0B}"
EndProject
Project("{8BC9CEB8-8B4A-11D0-8D11-00A0C91BC942}") = "mda Looplex", "mda Looplex.vcproj", "{5EE3E91A-359D-4FF8-A9A3-DA289E5B44E7}"
EndProject
Project("{8BC9CEB8-8B4A-11D0-8D11-00A0C91BC942}") = "mda Loudness", "mda Loudness.vcproj", "{C4D3A095-2D71-4DCE-806B-1BD381D34B54}"
EndProject
Project("{8BC9CEB8-8B4A-11D0-8D11-00A0C91BC942}") = "mda MultiBand", "mda MultiBand.vcproj", "{8F827951-F2BD-4A3C-AB4F-74F6BA1034BA}"
EndProject
Project("{8BC9CEB8-8B4A-11D0-8D11-00A0C91BC942}") = "mda Overdrive", "mda Overdrive.vcproj", "{0BB13495-2C0A-458D-B09F-5AA9918EBD2F}"
EndProject
Project("{8BC9CEB8-8B4A-11D0-8D11-00A0C91BC942}") = "mda Piano", "mda Piano.vcproj", "{0E324D7F-CFFE-4BEB-9402-BAEF80A3CA3D}"
EndProject
Project("{8BC9CEB8-8B4A-11D0-8D11-00A0C91BC942}") = "mda RePsycho!", "mda RePsycho!.vcproj", "{E940A746-65D2-493A-BFA8-071A8DC97484}"
EndProject
Project("{8BC9CEB8-8B4A-11D0-8D11-00A0C91BC942}") = "mda RezFilter", "mda RezFilter.vcproj", "{370D98C9-13FF-4EFD-8C40-3271DBC49CA8}"
EndProject
Project("{8BC9CEB8-8B4A-11D0-8D11-00A0C91BC942}") = "mda RingMod", "mda RingMod.vcproj", "{19803485-24A6-438B-A9ED-49B07A020D2B}"
EndProject
Project("{8BC9CEB8-8B4A-11D0-8D11-00A0C91BC942}") = "mda RoundPan", "mda RoundPan.vcproj", "{A08D00BC-3A44-4228-A038-60B2B4234A34}"
EndProject
Project("{8BC9CEB8-8B4A-11D0-8D11-00A0C91BC942}") = "mda Shepard", "mda Shepard.vcproj", "{4C0FBB7A-7AAB-4627-BFFE-E6DE1F91724D}"
EndProject
Project("{8BC9CEB8-8B4A-11D0-8D11-00A0C91BC942}") = "mda Splitter", "mda Splitter.vcproj", "{0887BA3E-77B7-4BC0-A7CF-047935F8A171}"
EndProject
Project("{8BC9CEB8-8B4A-11D0-8D11-00A0C91BC942}") = "mda Stereo", "mda Stereo.vcproj", "{3BB87A27-4C7C-4315-ABDB-FFE67BFA7F87}"
EndProject
Project("{8BC9CEB8-8B4A-11D0-8D11-00A0C91BC942}") = "mda SubSynth", "mda SubSynth.vcproj", "{C15528A8-2CF7-4F7E-92C0-E341A5BC9A5A}"
EndProject
Project("{8BC9CEB8-8B4A-11D0-8D11-00A0C91BC942}") = "mda TestTone", "mda TestTone.vcproj", "{1380896C-BBEF-4002-8B5F-E7960C693AA2}"
EndProject
Project("{8BC9CEB8-8B4A-11D0-8D11-00A0C91BC942}") = "mda ThruZero", "mda ThruZero.vcproj", "{8D951236-0515-4372-8932-EC9EEB4AC4EF}"
EndProject
Project("{8BC9CEB8-8B4A-11D0-8D11-00A0C91BC942}") = "mda Tracker", "mda Tracker.vcproj", "{8126931B-1709-4811-8A08-A0D61B65C06B}"
EndProject
Project("{8BC9CEB8-8B4A-11D0-8D11-00A0C91BC942}") = "mda Transient", "mda Transient.vcproj", "{D237E487-AB16-4FB5-8FE6-DDCA95319EF5}"
EndProject
Project("{8BC9CEB8-8B4A-11D0-8D11-00A0C91BC942}") = "mda VocInput", "mda VocInput.vcproj", "{ED6929F9-DFD2-4E71-8823-E2E9B5CD7BA8}"
EndProject
Project("{8BC9CEB8-8B4A-11D0-8D11-00A0C91BC942}") = "mda Vocoder", "mda Vocoder.vcproj", "{B41227FF-05FC-4291-8D5B-C150DA91D12B}"
EndProject
Project("{8BC9CEB8-8B4A-11D0-8D11-00A0C91BC942}") = "mda ePiano", "mda ePiano.vcproj", "{E690AA48-7771-4890-A778-4D1F39287BF1}"
EndProject
Project("{8BC9CEB8-8B4A-11D0-8D11-00A0C91BC942}") = "mda JX10", "mda JX10.vcproj", "{09446102-1AFF-4937-8E2F-C8EF1678DF71}"
EndProject
Project("{8BC9CEB8-8B4A-11D0-8D11-00A0C91BC942}") = "mda TalkBox", "mda TalkBox.vcproj", "{56B68EB3-A0E7-4774-9CB5-4C04E94709C7}"
EndProject
Global
	GlobalSection(SolutionConfigurationPlatforms) = preSolution
		Debug|Win32 = Debug|Win32
		Release|Win32 = Release|Win32
	EndGlobalSection
	GlobalSection(ProjectConfigurationPlatforms) = postSolution
		{FB4E8CEE-4576-401C-A97E-E353C44B6032}.Debug|Win32.ActiveCfg = Debug|Win32
		{FB4E8CEE-4576-401C-A97E-E353C44B6032}.Debug|Win32.Build.0 = Debug|Win32
		{FB4E8CEE-4576-401C-A97E-E353C44B6032}.Release|Win32.ActiveCfg = Release|Win32
		{FB4E8CEE-4576-401C-A97E-E353C44B6032}.Release|Win32.Build.0 = Release|Win32
		{95FC53A4-AAC1-44FE-8F89-940AEB157DE1}.Debug|Win32.ActiveCfg = Debug|Win32
		{95FC53A4-AAC1-44FE-8F89-940AEB157DE1}.Debug|Win32.Build.0 = Debug|Win32
		{95FC53A4-AAC1-44FE-8F89-940AEB157DE1}.Release|Win32.ActiveCfg = Release|Win32
		{95FC53A4-AAC1-44FE-8F89-940AEB157DE1}.Release|Win32.Build.0 = Release|Win32
		{32A35CE0-456D-48BF-9FF6-EA0DA09ADE7E}.Debug|Win32.ActiveCfg = Debug|Win32
		{32A35CE0-456D-48BF-9FF6-EA0DA09ADE7E}.Debug|Win32.Build.0 = Debug|Win32
		{32A35CE0-456D-48BF-9FF6-EA0DA09ADE7E}.Release|Win32.ActiveCfg = Release|Win32
		{32A35CE0-456D-48BF-9FF6-EA0DA09ADE7E}.Release|Win32.Build.0 = Release|Win32
		{E36A56F0-BE42-470F-8769-E1553F6B6B39}.Debug|Win32.ActiveCfg = Debug|Win32
		{E36A56F0-BE42-470F-8769-E1553F6B6B39}.Debug|Win32.Build.0 = Debug|Win32
		{E36A56F0-BE42-470F-8769-E1553F6B6B39}.Release|Win32.ActiveCfg = Release|Win32
		{E36A56F0-BE42-470F-8769-E1553F6B6B39}.Release|Win32.Build.0 = Release|Win32
		{8A2B47A5-692A-49C4-A6F2-5B5AB2FA63A0}.Debug|Win32.ActiveCfg = Debug|Win32
		{8A2B47A5-692A-49C4-A6F2-5B5AB2FA63A0}.Debug|Win32.Build.0 = Debug|Win32
		{8A2B47A5-692A-49C4-A6F2-5B5AB2FA63A0}.Release|Win32.ActiveCfg = Release|Win32
		{8A2B47A5-692A-49C4-A6F2-5B5AB2FA63A0}.Release|Win32.Build.0 = Release|Win32
		{318EEA04-FCDB-4C87-A083-1650D6968FF3}.Debug|Win32.ActiveCfg = Debug|Win32
		{318EEA04-FCDB-4C87-A083-1650D6968FF3}.Debug|Win32.Build.0 = Debug|Win32
		{318EEA04-FCDB-4C87-A083-1650D6968FF3}.Release|Win32.ActiveCfg = Release|Win32
		{318EEA04-FCDB-4C87-A083-1650D6968FF3}.Release|Win32.Build.0 = Release|Win32
		{3F2FE336-1EC7-4A5D-8A70-0E2F9FA482F3}.Debug|Win32.ActiveCfg = Debug|Win32
		{3F2FE336-1EC7-4A5D-8A70-0E2F9FA482F3}.Debug|Win32.Build.0 = Debug|Win32
		{3F2FE336-1EC7-4A5D-8A70-0E2F9FA482F3}.Release|Win32.ActiveCfg = Release|Win32
		{3F2FE336-1EC7-4A5D-8A70-0E2F9FA482F3}.Release|Win32.Build.0 = Release|Win32
		{A56D5788-2B5F-44CE-BE31-AA121854880D}.Debug|Win32.ActiveCfg = Debug|Win32
		{A56D5788-2B5F-44CE-BE31-AA121854880D}.Debug|Win32.Build.0 = Debug|Win32
		{A56D5788-2B5F-44CE-BE31-AA121854880D}.Release|Win32.ActiveCfg = Release|Win32
		{A56D5788-2B5F-44CE-BE31-AA121854880D}.Release|Win32.Build.0 = Release|Win32
		{EAD7038D-4BF5-4B1D-BAA6-DD326DBE50D3}.Debug|Win32.ActiveCfg = Debug|Win32
		{EAD7038D-4BF5-4B1D-BAA6-DD326DBE50D3}.Debug|Win32.Build.0 = Debug|Win32
		{EAD7038D-4BF5-4B1D-BAA6-DD326DBE50D3}.Release|Win32.ActiveCfg = Release|Win32
		{EAD7038D-4BF5-4B1D-BAA6-DD326DBE50D3}.Release|Win32.Build.0 = Release|Win32
		{FE5E0B29-E8D0-4C7B-B125-918E22760213}.Debug|Win32.ActiveCfg = Debug|Win32
		{FE5E0B29-E8D0-4C7B-B125-918E22760213}.Debug|Win32.Build.0 = Debug|Win32
		{FE5E0B29-E8D0-4C7B-B125-918E22760213}.Release|Win32.ActiveCfg = Release|Win32
		{FE5E0B29-E8D0-4C7B-B125-918E22760213}.Release|Win32.Build.0 = Release|Win32
		{8C13A5F2-A61E-4996-9571-74C71CF8E514}.Debug|Win32.ActiveCfg = Debug|Win32
		{8C13A5F2-A61E-4996-9571-74C71CF8E514}.Debug|Win32.Build.0 = Debug|Win32
		{8C13A5F2-A61E-4996-9571-74C71CF8E514}.Release|Win32.ActiveCfg = Release|Win32
		{8C13A5F2-A61E-4996-9571-74C71CF8E514}.Release|Win32.Build.0 = Release|Win32
		{4B6F8B6A-5CAC-4C82-86D7-CECB46123596}.Debug|Win32.ActiveCfg = Debug|Win32
		{4B6F8B6A-5CAC-4C82-86D7-CECB46123596}.Debug|Win32.Build.0 = Debug|Win32
		{4B6F8B6A-5CAC-4C82-86D7-CECB46123596}.Release|Win32.ActiveCfg = Release|Win32
		{4B6F8B6A-5CAC-4C82-86D7-CECB46123596}.Release|Win32.Build.0 = Release|Win32
		{6B616B46-4D10-46A1-B36D-1B9A27EFFC8D}.Debug|Win32.ActiveCfg = Debug|Win32
		{6B616B46-4D10-46A1-B36D-1B9A27EFFC8D}.Debug|Win32.Build.0 = Debug|Win32
		{6B616B46-4D10-46A1-B36D-1B9A27EFFC8D}.Release|Win32.ActiveCfg = Release|Win32
		{6B616B46-4D10-46A1-B36D-1B9A27EFFC8D}.Release|Win32.Build.0 = Release|Win32
		{520AC083-0E34-44D2-9DAE-058312A4E097}.Debug|Win32.ActiveCfg = Debug|Win32
		{520AC083-0E34-44D2-9DAE-058312A4E097}.Debug|Win32.Build.0 = Debug|Win32
		{520AC083-0E34-44D2-9DAE-058312A4E097}.Release|Win32.ActiveCfg = Release|Win32
		{520AC083-0E34-44D2-9DAE-058312A4E097}.Release|Win32.Build.0 = Release|Win32
		{0A1666DD-B1D1-4031-8EFA-D86461FA5D0B}.Debug|Win32.ActiveCfg = Debug|Win32
		{0A1666DD-B1D1-4031-8EFA-D86461FA5D0B}.Debug|Win32.Build.0 = Debug|Win32
		{0A1666DD-B1D1-4031-8EFA-D86461FA5D0B}.Release|Win32.ActiveCfg = Release|Win32
		{0A1666DD-B1D1-4031-8EFA-D86461FA5D0B}.Release|Win32.Build.0 = Release|Win32
		{5EE3E91A-359D-4FF8-A9A3-DA289E5B44E7}.Debug|Win32.ActiveCfg = Debug|Win32
		{5EE3E91A-359D-4FF8-A9A3-DA289E5B44E7}.Debug|Win32.Build.0 = Debug|Win32
		{5EE3E91A-359D-4FF8-A9A3-DA289E5B44E7}.Release|Win32.ActiveCfg = Release|Win32
		{5EE3E91A-359D-4FF8-A9A3-DA289E5B44E7}.Release|Win32.Build.0 = Release|Win32
		{C4D3A095-2D71-4DCE-806B-1BD381D34B54}.Debug|Win32.ActiveCfg = Debug|Win32
		{C4D3A095-2D71-4DCE-806B-1BD381D34B54}.Debug|Win32.Build.0 = Debug|Win32
		{C4D3A095-2D71-4DCE-806B-1BD381D34B54}.Release|Win32.ActiveCfg = Release|Win32
		{C4D3A095-2D71-4DCE-806B-1BD381D34B54}.Release|Win32.Build.0 = Release|Win32
		{8F827951-F2BD-4A3C-AB4F-74F6BA1034BA}.Debug|Win32.ActiveCfg = Debug|Win32
		{8F827951-F2BD-4A3C-AB4F-74F6BA1034BA}.Debug|Win32.Build.0 = Debug|Win32
		{8F827951-F2BD-4A3C-AB4F-74F6BA1034BA}.Release|Win32.ActiveCfg = Release|Win32
		{8F827951-F2BD-4A3C-AB4F-74F6BA1034BA}.Release|Win32.Build.0 = Release|Win32
		{0BB13495-2C0A-458D-B09F-5AA9918EBD2F}.Debug|Win32.ActiveCfg = Debug|Win32
		{0BB13495-2C0A-458D-B09F-5AA9918EBD2F}.Debug|Win32.Build.0 = Debug|Win32
		{0BB13495-2C0A-458D-B09F-5AA9918EBD2F}.Release|Win32.ActiveCfg = Release|Win32
		{0BB13495-2C0A-458D-B09F-5AA9918EBD2F}.Release|Win32.Build.0 = Release|Win32
		{0E324D7F-CFFE-4BEB-9402-BAEF80A3CA3D}.Debug|Win32.ActiveCfg = Debug|Win32
		{0E324D7F-CFFE-4BEB-9402-BAEF80A3CA3D}.Debug|Win32.Build.0 = Debug|Win32
		{0E324D7F-CFFE-4BEB-9402-BAEF80A3CA3D}.Release|Win32.ActiveCfg = Release|Win32
		{0E324D7F-CFFE-4BEB-9402-BAEF80A3CA3D}.Release|Win32.Build.0 = Release|Win32
		{E940A746-65D2-493A-BFA8-071A8DC97484}.Debug|Win32.ActiveCfg = Debug|Win32
		{E940A746-65D2-493A-BFA8-071A8DC97484}.Debug|Win32.Build.0 = Debug|Win32
		{E940A746-65D2-493A-BFA8-071A8DC97484}.Release|Win32.ActiveCfg = Release|Win32
		{E940A746-65D2-493A-BFA8-071A8DC97484}.Release|Win32.Build.0 = Release|Win32
		{370D98C9-13FF-4EFD-8C40-3271DBC49CA8}.Debug|Win32.ActiveCfg = Debug|Win32
		{370D98C9-13FF-4EFD-8C40-3271DBC49CA8}.Debug|Win32.Build.0 = Debug|Win32
		{370D98C9-13FF-4EFD-8C40-3271DBC49CA8}.Release|Win32.ActiveCfg = Release|Win32
		{370D98C9-13FF-4EFD-8C40-3271DBC49CA8}.Release|Win32.Build.0 = Release|Win32
		{19803485-24A6-438B-A9ED-49B07A020D2B}.Debug|Win32.ActiveCfg = Debug|Win32
		{19803485-24A6-438B-A9ED-49B07A020D2B}.Debug|Win32.Build.0 = Debug|Win32
		{19803485-24A6-438B-A9ED-49B07A020D2B}.Release|Win32.ActiveCfg = Release|Win32
		{19803485-24A6-438B-A9ED-49B07A020D2B}.Release|Win32.Build.0 = Release|Win32
		{A08D00BC-3A44-4228-A038-60B2B4234A34}.Debug|Win32.ActiveCfg = Debug|Win32
		{A08D00BC-3A44-4228-A038-60B2B4234A34}.Debug|Win32.Build.0 = Debug|Win32
		{A08D00BC-3A44-4228-A038-60B2B4234A34}.Release|Win32.ActiveCfg = Release|Win32
		{A08D00BC-3A44-4228-A038-60B2B4234A34}.Release|Win32.Build.0 = Release|Win32
		{4C0FBB7A-7AAB-4627-BFFE-E6DE1F91724D}.Debug|Win32.ActiveCfg = Debug|Win32
		{4C0FBB7A-7AAB-4627-BFFE-E6DE1F91724D}.Debug|Win32.Build.0 = Debug|Win32
		{4C0FBB7A-7AAB-4627-BFFE-E6DE1F91724D}.Release|Win32.ActiveCfg = Release|Win32
		{4C0FBB7A-7AAB-4627-BFFE-E6DE1F91724D}.Release|Win32.Build.0 = Release|Win32
		{0887BA3E-77B7-4BC0-A7CF-047935F8A171}.Debug|Win32.ActiveCfg = Debug|Win32
		{0887BA3E-77B7-4BC0-A7CF-047935F8A171}.Debug|Win32.Build.0 = Debug|Win32
		{0887BA3E-77B7-4BC0-A7CF-047935F8A171}.Release|Win32.ActiveCfg = Release|Win32
		{0887BA3E-77B7-4BC0-A7CF-047935F8A171}.Release|Win32.Build.0 = Release|Win32
		{3BB87A27-4C7C-4315-ABDB-FFE67BFA7F87}.Debug|Win32.ActiveCfg = Debug|Win32
		{3BB87A27-4C7C-4315-ABDB-FFE67BFA7F87}.Debug|Win32.Build.0 = Debug|Win32
		{3BB87A27-4C7C-4315-ABDB-FFE67BFA7F87}.Release|Win32.ActiveCfg = Release|Win32
		{3BB87A27-4C7C-4315-ABDB-FFE67BFA7F87}.Release|Win32.Build.0 = Release|Win32
		{C15528A8-2CF7-4F7E-92C0-E341A5BC9A5A}.Debug|Win32.ActiveCfg = Debug|Win32
		{C15528A8-2CF7-4F7E-92C0-E341A5BC9A5A}.Debug|Win32.Build.0 = Debug|Win32
		{C15528A8-2CF7-4F7E-92C0-E341A5BC9A5A}.Release|Win32.ActiveCfg = Release|Win32
		{C15528A8-2CF7-4F7E-92C0-E341A5BC9A5A}.Release|Win32.Build.0 = Release|Win32
		{1380896C-BBEF-4002-8B5F-E7960C693AA2}.Debug|Win32.ActiveCfg = Debug|Win32
		{1380896C-BBEF-4002-8B5F-E7960C693AA2}.Debug|Win32.Build.0 = Debug|Win32
		{1380896C-BBEF-4002-8B5F-E7960C693AA2}.Release|Win32.ActiveCfg = Release|Win32
		{1380896C-BBEF-4002-8B5F-E7960C693AA2}.Release|Win32.Build.0 = Release|Win32
		{8D951236-0515-4372-8932-EC9EEB4AC4EF}.Debug|Win32.ActiveCfg = Debug|Win32
		{8D951236-0515-4372-8932-EC9EEB4AC4EF}.Debug|Win32.Build.0 = Debug|Win32
		{8D951236-0515-4372-8932-EC9EEB4AC4EF}.Release|Win32.ActiveCfg = Release|Win32
		{8D951236-0515-4372-8932-EC9EEB4AC4EF}.Release|Win32.Build.0 = Release|Win32
		{8126931B-1709-4811-8A08-A0D61B65C06B}.Debug|Win32.ActiveCfg = Debug|Win32
		{8126931B-1709-4811-8A08-A0D61B65C06B}.Debug|Win32.Build.0 = Debug|Win32
		{8126931B-1709-4811-8A08-A0D61B65C06B}.Release|Win32.ActiveCfg = Release|Win32
		{8126931B-1709-4811-8A08-A0D61B65C06B}.Release|Win32.Build.0 = Release|Win32
		{D237E487-AB16-4FB5-8FE6-DDCA95319EF5}.Debug|Win32.ActiveCfg = Debug|Win32
		{D237E487-AB16-4FB5-8FE6-DDCA95319EF5}.Debug|Win32.Build.0 = Debug|Win32
		{D237E487-AB16-4FB5-8FE6-DDCA95319EF5}.Release|Win32.ActiveCfg = Release|Win32
		{D237E487-AB16-4FB5-8FE6-DDCA95319EF5}.Release|Win32.Build.0 = Release|Win32
		{ED6929F9-DFD2-4E71-8823-E2E9B5CD7BA8}.Debug|Win32.ActiveCfg = Debug|Win32
		{ED6929F9-DFD2-4E71-8823-E2E9B5CD7BA8}.Debug|Win32.Build.0 = Debug|Win32
		{ED6929F9-DFD2-4E71-8823-E2E9B5CD7BA8}.Release|Win32.ActiveCfg = Release|Win32
		{ED6929F9-DFD2-4E71-8823-E2E9B5CD7BA8}.Release|Win32.Build.0 = Release|Win32
		{B41227FF-05FC-4291-8D5B-C150DA91D12B}.Debug|Win32.ActiveCfg = Debug|Win32
		{B41227FF-05FC-4291-8D5B-C150DA91D12B}.Debug|Win32.Build.0 = Debug|Win32
		{B41227FF-05FC-4291-8D5B-C150DA91D12B}.Release|Win32.ActiveCfg = Release|Win32
		{B41227FF-05FC-4291-8D5B-C150DA91D12B}.Release|Win32.Build.0 = Release|Win32
		{E690AA48-7771-4890-A778-4D1F39287BF1}.Debug|Win32.ActiveCfg = Debug|Win32
		{E690AA48-7771-4890-A778-4D1F39287BF1}.Debug|Win32.Build.0 = Debug|Win32
		{E690AA48-7771-4890-A778-4D1F39287BF1}.Release|Win32.ActiveCfg = Release|Win32
		{E690AA48-7771-4890-A778-4D1F39287BF1}.Release|Win32.Build.0 = Release|Win32
		{09446102-1AFF-4937-8E2F-C8EF1678DF71}.Debug|Win32.ActiveCfg = Debug|Win32
		{09446102-1AFF-4937-8E2F-C8EF1678DF71}.Debug|Win32.Build.0 = Debug|Win32
		{09446102-1AFF-4937-8E2F-C8EF1678DF71}.Release|Win32.ActiveCfg = Release|Win32
		{09446102-1AFF-4937-8E2F-C8EF1678DF71}.Release|Win32.Build.0 = Release|Win32
		{56B68EB3-A0E7-4774-9CB5-4C04E94709C7}.Debug|Win32.ActiveCfg = Debug|Win32
		{56B68EB3-A0E7-4774-9CB5-4C04E94709C7}.Debug|Win32.Build.0 = Debug|Win32
		{56B68EB3-A0E7-4774-9CB5-4C04E94709C7}.Release|Win32.ActiveCfg = Release|Win32
		{56B68EB3-A0E7-4774-9CB5-4C04E94709C7}.Release|Win32.Build.0 = Release|Win32
	EndGlobalSection
	GlobalSection(SolutionProperties) = preSolution
		HideSolutionNode = FALSE
	EndGlobalSection
EndGlobal
